
Microsoft Visual Studio Solution File, Format Version 12.00
# Visual Studio Version 17
VisualStudioVersion = 17.14.36327.8 d17.14
MinimumVisualStudioVersion = 10.0.40219.1
Project("{FAE04EC0-301F-11D3-BF4B-00C04F79EFBC}") = "ClassLibrary1", "ClassLibrary1\ClassLibrary1.csproj", "{C7D8D9FC-70AD-4EFE-AB53-513FEAE2360B}"
EndProject
Global
	GlobalSection(SolutionConfigurationPlatforms) = preSolution
		Debug|Any CPU = Debug|Any CPU
		Release|Any CPU = Release|Any CPU
	EndGlobalSection
	GlobalSection(ProjectConfigurationPlatforms) = postSolution
		{C7D8D9FC-70AD-4EFE-AB53-513FEAE2360B}.Debug|Any CPU.ActiveCfg = Debug|Any CPU
		{C7D8D9FC-70AD-4EFE-AB53-513FEAE2360B}.Debug|Any CPU.Build.0 = Debug|Any CPU
		{C7D8D9FC-70AD-4EFE-AB53-513FEAE2360B}.Release|Any CPU.ActiveCfg = Release|Any CPU
		{C7D8D9FC-70AD-4EFE-AB53-513FEAE2360B}.Release|Any CPU.Build.0 = Release|Any CPU
	EndGlobalSection
	GlobalSection(SolutionProperties) = preSolution
		HideSolutionNode = FALSE
	EndGlobalSection
	GlobalSection(ExtensibilityGlobals) = postSolution
		SolutionGuid = {C7B28D6B-F94B-4A7A-8E50-3271E0C73331}
	EndGlobalSection
EndGlobal
